
Microsoft Visual Studio Solution File, Format Version 12.00
# Visual Studio Version 16
VisualStudioVersion = 16.0.29709.97
MinimumVisualStudioVersion = 10.0.40219.1
Project("{9A19103F-16F7-4668-BE54-9A1E7A4F7556}") = "ResgateClient", "ResgateClient\ResgateClient.csproj", "{0317228B-B6D3-4C41-BD9D-895B056B8160}"
EndProject
Project("{FAE04EC0-301F-11D3-BF4B-00C04F79EFBC}") = "Example", "Example\Example.csproj", "{C2CA5080-4931-4FB8-B688-6DCF706A6CD6}"
EndProject
Global
	GlobalSection(SolutionConfigurationPlatforms) = preSolution
		Debug|Any CPU = Debug|Any CPU
		Release|Any CPU = Release|Any CPU
	EndGlobalSection
	GlobalSection(ProjectConfigurationPlatforms) = postSolution
		{0317228B-B6D3-4C41-BD9D-895B056B8160}.Debug|Any CPU.ActiveCfg = Debug|Any CPU
		{0317228B-B6D3-4C41-BD9D-895B056B8160}.Debug|Any CPU.Build.0 = Debug|Any CPU
		{0317228B-B6D3-4C41-BD9D-895B056B8160}.Release|Any CPU.ActiveCfg = Release|Any CPU
		{0317228B-B6D3-4C41-BD9D-895B056B8160}.Release|Any CPU.Build.0 = Release|Any CPU
		{C2CA5080-4931-4FB8-B688-6DCF706A6CD6}.Debug|Any CPU.ActiveCfg = Debug|Any CPU
		{C2CA5080-4931-4FB8-B688-6DCF706A6CD6}.Debug|Any CPU.Build.0 = Debug|Any CPU
		{C2CA5080-4931-4FB8-B688-6DCF706A6CD6}.Release|Any CPU.ActiveCfg = Release|Any CPU
		{C2CA5080-4931-4FB8-B688-6DCF706A6CD6}.Release|Any CPU.Build.0 = Release|Any CPU
	EndGlobalSection
	GlobalSection(SolutionProperties) = preSolution
		HideSolutionNode = FALSE
	EndGlobalSection
	GlobalSection(ExtensibilityGlobals) = postSolution
		SolutionGuid = {B8E6967F-DD23-4732-8772-58ACC6068413}
	EndGlobalSection
EndGlobal
